
Microsoft Visual Studio Solution File, Format Version 12.00
# Visual Studio Version 16
VisualStudioVersion = 16.0.29920.165
MinimumVisualStudioVersion = 10.0.40219.1
Project("{FAE04EC0-301F-11D3-BF4B-00C04F79EFBC}") = "recape ado.net", "NavigationAdo.net\recape ado.net.csproj", "{97F088CC-3B10-4627-989E-53F202BC29B8}"
EndProject
Global
	GlobalSection(SolutionConfigurationPlatforms) = preSolution
		Debug|Any CPU = Debug|Any CPU
		Release|Any CPU = Release|Any CPU
	EndGlobalSection
	GlobalSection(ProjectConfigurationPlatforms) = postSolution
		{97F088CC-3B10-4627-989E-53F202BC29B8}.Debug|Any CPU.ActiveCfg = Debug|Any CPU
		{97F088CC-3B10-4627-989E-53F202BC29B8}.Debug|Any CPU.Build.0 = Debug|Any CPU
		{97F088CC-3B10-4627-989E-53F202BC29B8}.Release|Any CPU.ActiveCfg = Release|Any CPU
		{97F088CC-3B10-4627-989E-53F202BC29B8}.Release|Any CPU.Build.0 = Release|Any CPU
	EndGlobalSection
	GlobalSection(SolutionProperties) = preSolution
		HideSolutionNode = FALSE
	EndGlobalSection
	GlobalSection(ExtensibilityGlobals) = postSolution
		SolutionGuid = {1F7AE577-AD21-4607-A857-02EA7C9704B3}
	EndGlobalSection
EndGlobal
